
Microsoft Visual Studio Solution File, Format Version 12.00
# Visual Studio 14
VisualStudioVersion = 14.0.25420.1
MinimumVisualStudioVersion = 10.0.40219.1
Project("{FAE04EC0-301F-11D3-BF4B-00C04F79EFBC}") = "Com.Hd.Core.Basis", "Com.Hd.Core.Basis\Com.Hd.Core.Basis.csproj", "{70F5E8DF-342B-4F52-A7BA-43C87D01AB00}"
EndProject
Project("{FAE04EC0-301F-11D3-BF4B-00C04F79EFBC}") = "Com.Hd.Core.Data", "Com.Hd.Core.Data\Com.Hd.Core.Data.csproj", "{DEF122E9-B4AF-4067-A402-7458C04F8AE5}"
EndProject
Project("{FAE04EC0-301F-11D3-BF4B-00C04F79EFBC}") = "Com.Hd.Core.Net", "Com.Hd.Core.Net\Com.Hd.Core.Net.csproj", "{025F6BF0-BF9B-413B-A977-2C93228D09CF}"
EndProject
Project("{FAE04EC0-301F-11D3-BF4B-00C04F79EFBC}") = "Com.Hd.Core.View", "Com.Hd.Core.View\Com.Hd.Core.View.csproj", "{89018B47-70F2-4ACD-8CE0-063E9DDF8544}"
EndProject
Project("{FAE04EC0-301F-11D3-BF4B-00C04F79EFBC}") = "Com.Hd.Common.View", "Com.Hd.Common.View\Com.Hd.Common.View.csproj", "{CD79859A-86A6-4C4F-8814-38CB48B6413E}"
EndProject
Project("{FAE04EC0-301F-11D3-BF4B-00C04F79EFBC}") = "Com.Hd.Common.Service", "Com.Hd.Common.Service\Com.Hd.Common.Service.csproj", "{F46C6C6B-FC51-4290-B236-AF17BAD9FCC4}"
EndProject
Project("{FAE04EC0-301F-11D3-BF4B-00C04F79EFBC}") = "Com.Hd.Common.Config", "Com.Hd.Common.Config\Com.Hd.Common.Config.csproj", "{EB980D1A-AAE6-4ABB-BD54-43C37FC0DD13}"
EndProject
Project("{2150E333-8FDC-42A3-9474-1A3956D46DE8}") = "Common", "Common", "{93A63FCC-32D9-40EC-B6C3-A09F54A44641}"
EndProject
Project("{2150E333-8FDC-42A3-9474-1A3956D46DE8}") = "Core", "Core", "{BBF86C87-A899-4EA7-AC23-FCF4EB6C2EDA}"
EndProject
Global
	GlobalSection(SolutionConfigurationPlatforms) = preSolution
		Debug|Any CPU = Debug|Any CPU
		Debug|x86 = Debug|x86
		Release|Any CPU = Release|Any CPU
		Release|x86 = Release|x86
		TestDebug|Any CPU = TestDebug|Any CPU
		TestDebug|x86 = TestDebug|x86
	EndGlobalSection
	GlobalSection(ProjectConfigurationPlatforms) = postSolution
		{70F5E8DF-342B-4F52-A7BA-43C87D01AB00}.Debug|Any CPU.ActiveCfg = Debug|Any CPU
		{70F5E8DF-342B-4F52-A7BA-43C87D01AB00}.Debug|Any CPU.Build.0 = Debug|Any CPU
		{70F5E8DF-342B-4F52-A7BA-43C87D01AB00}.Debug|Any CPU.Deploy.0 = Debug|Any CPU
		{70F5E8DF-342B-4F52-A7BA-43C87D01AB00}.Debug|x86.ActiveCfg = Debug|Any CPU
		{70F5E8DF-342B-4F52-A7BA-43C87D01AB00}.Debug|x86.Build.0 = Debug|Any CPU
		{70F5E8DF-342B-4F52-A7BA-43C87D01AB00}.Release|Any CPU.ActiveCfg = Release|Any CPU
		{70F5E8DF-342B-4F52-A7BA-43C87D01AB00}.Release|Any CPU.Build.0 = Release|Any CPU
		{70F5E8DF-342B-4F52-A7BA-43C87D01AB00}.Release|x86.ActiveCfg = Release|Any CPU
		{70F5E8DF-342B-4F52-A7BA-43C87D01AB00}.Release|x86.Build.0 = Release|Any CPU
		{70F5E8DF-342B-4F52-A7BA-43C87D01AB00}.TestDebug|Any CPU.ActiveCfg = Debug|Any CPU
		{70F5E8DF-342B-4F52-A7BA-43C87D01AB00}.TestDebug|Any CPU.Build.0 = Debug|Any CPU
		{70F5E8DF-342B-4F52-A7BA-43C87D01AB00}.TestDebug|x86.ActiveCfg = Debug|Any CPU
		{70F5E8DF-342B-4F52-A7BA-43C87D01AB00}.TestDebug|x86.Build.0 = Debug|Any CPU
		{DEF122E9-B4AF-4067-A402-7458C04F8AE5}.Debug|Any CPU.ActiveCfg = Debug|Any CPU
		{DEF122E9-B4AF-4067-A402-7458C04F8AE5}.Debug|Any CPU.Build.0 = Debug|Any CPU
		{DEF122E9-B4AF-4067-A402-7458C04F8AE5}.Debug|x86.ActiveCfg = Debug|Any CPU
		{DEF122E9-B4AF-4067-A402-7458C04F8AE5}.Debug|x86.Build.0 = Debug|Any CPU
		{DEF122E9-B4AF-4067-A402-7458C04F8AE5}.Release|Any CPU.ActiveCfg = Release|Any CPU
		{DEF122E9-B4AF-4067-A402-7458C04F8AE5}.Release|Any CPU.Build.0 = Release|Any CPU
		{DEF122E9-B4AF-4067-A402-7458C04F8AE5}.Release|x86.ActiveCfg = Release|Any CPU
		{DEF122E9-B4AF-4067-A402-7458C04F8AE5}.Release|x86.Build.0 = Release|Any CPU
		{DEF122E9-B4AF-4067-A402-7458C04F8AE5}.TestDebug|Any CPU.ActiveCfg = Debug|Any CPU
		{DEF122E9-B4AF-4067-A402-7458C04F8AE5}.TestDebug|Any CPU.Build.0 = Debug|Any CPU
		{DEF122E9-B4AF-4067-A402-7458C04F8AE5}.TestDebug|x86.ActiveCfg = Debug|Any CPU
		{DEF122E9-B4AF-4067-A402-7458C04F8AE5}.TestDebug|x86.Build.0 = Debug|Any CPU
		{025F6BF0-BF9B-413B-A977-2C93228D09CF}.Debug|Any CPU.ActiveCfg = Debug|Any CPU
		{025F6BF0-BF9B-413B-A977-2C93228D09CF}.Debug|Any CPU.Build.0 = Debug|Any CPU
		{025F6BF0-BF9B-413B-A977-2C93228D09CF}.Debug|Any CPU.Deploy.0 = Debug|Any CPU
		{025F6BF0-BF9B-413B-A977-2C93228D09CF}.Debug|x86.ActiveCfg = Debug|Any CPU
		{025F6BF0-BF9B-413B-A977-2C93228D09CF}.Debug|x86.Build.0 = Debug|Any CPU
		{025F6BF0-BF9B-413B-A977-2C93228D09CF}.Release|Any CPU.ActiveCfg = Release|Any CPU
		{025F6BF0-BF9B-413B-A977-2C93228D09CF}.Release|Any CPU.Build.0 = Release|Any CPU
		{025F6BF0-BF9B-413B-A977-2C93228D09CF}.Release|x86.ActiveCfg = Release|Any CPU
		{025F6BF0-BF9B-413B-A977-2C93228D09CF}.Release|x86.Build.0 = Release|Any CPU
		{025F6BF0-BF9B-413B-A977-2C93228D09CF}.TestDebug|Any CPU.ActiveCfg = Debug|Any CPU
		{025F6BF0-BF9B-413B-A977-2C93228D09CF}.TestDebug|Any CPU.Build.0 = Debug|Any CPU
		{025F6BF0-BF9B-413B-A977-2C93228D09CF}.TestDebug|x86.ActiveCfg = Debug|Any CPU
		{025F6BF0-BF9B-413B-A977-2C93228D09CF}.TestDebug|x86.Build.0 = Debug|Any CPU
		{89018B47-70F2-4ACD-8CE0-063E9DDF8544}.Debug|Any CPU.ActiveCfg = Debug|Any CPU
		{89018B47-70F2-4ACD-8CE0-063E9DDF8544}.Debug|Any CPU.Build.0 = Debug|Any CPU
		{89018B47-70F2-4ACD-8CE0-063E9DDF8544}.Debug|x86.ActiveCfg = Debug|Any CPU
		{89018B47-70F2-4ACD-8CE0-063E9DDF8544}.Debug|x86.Build.0 = Debug|Any CPU
		{89018B47-70F2-4ACD-8CE0-063E9DDF8544}.Release|Any CPU.ActiveCfg = Release|Any CPU
		{89018B47-70F2-4ACD-8CE0-063E9DDF8544}.Release|Any CPU.Build.0 = Release|Any CPU
		{89018B47-70F2-4ACD-8CE0-063E9DDF8544}.Release|Any CPU.Deploy.0 = Release|Any CPU
		{89018B47-70F2-4ACD-8CE0-063E9DDF8544}.Release|x86.ActiveCfg = Release|Any CPU
		{89018B47-70F2-4ACD-8CE0-063E9DDF8544}.Release|x86.Build.0 = Release|Any CPU
		{89018B47-70F2-4ACD-8CE0-063E9DDF8544}.TestDebug|Any CPU.ActiveCfg = Debug|Any CPU
		{89018B47-70F2-4ACD-8CE0-063E9DDF8544}.TestDebug|Any CPU.Build.0 = Debug|Any CPU
		{89018B47-70F2-4ACD-8CE0-063E9DDF8544}.TestDebug|x86.ActiveCfg = Debug|Any CPU
		{89018B47-70F2-4ACD-8CE0-063E9DDF8544}.TestDebug|x86.Build.0 = Debug|Any CPU
		{CD79859A-86A6-4C4F-8814-38CB48B6413E}.Debug|Any CPU.ActiveCfg = Debug|Any CPU
		{CD79859A-86A6-4C4F-8814-38CB48B6413E}.Debug|Any CPU.Build.0 = Debug|Any CPU
		{CD79859A-86A6-4C4F-8814-38CB48B6413E}.Debug|x86.ActiveCfg = Debug|Any CPU
		{CD79859A-86A6-4C4F-8814-38CB48B6413E}.Debug|x86.Build.0 = Debug|Any CPU
		{CD79859A-86A6-4C4F-8814-38CB48B6413E}.Release|Any CPU.ActiveCfg = Release|Any CPU
		{CD79859A-86A6-4C4F-8814-38CB48B6413E}.Release|Any CPU.Build.0 = Release|Any CPU
		{CD79859A-86A6-4C4F-8814-38CB48B6413E}.Release|Any CPU.Deploy.0 = Release|Any CPU
		{CD79859A-86A6-4C4F-8814-38CB48B6413E}.Release|x86.ActiveCfg = Release|Any CPU
		{CD79859A-86A6-4C4F-8814-38CB48B6413E}.Release|x86.Build.0 = Release|Any CPU
		{CD79859A-86A6-4C4F-8814-38CB48B6413E}.TestDebug|Any CPU.ActiveCfg = Debug|Any CPU
		{CD79859A-86A6-4C4F-8814-38CB48B6413E}.TestDebug|Any CPU.Build.0 = Debug|Any CPU
		{CD79859A-86A6-4C4F-8814-38CB48B6413E}.TestDebug|x86.ActiveCfg = Debug|Any CPU
		{CD79859A-86A6-4C4F-8814-38CB48B6413E}.TestDebug|x86.Build.0 = Debug|Any CPU
		{F46C6C6B-FC51-4290-B236-AF17BAD9FCC4}.Debug|Any CPU.ActiveCfg = Debug|Any CPU
		{F46C6C6B-FC51-4290-B236-AF17BAD9FCC4}.Debug|Any CPU.Build.0 = Debug|Any CPU
		{F46C6C6B-FC51-4290-B236-AF17BAD9FCC4}.Debug|x86.ActiveCfg = Debug|Any CPU
		{F46C6C6B-FC51-4290-B236-AF17BAD9FCC4}.Debug|x86.Build.0 = Debug|Any CPU
		{F46C6C6B-FC51-4290-B236-AF17BAD9FCC4}.Release|Any CPU.ActiveCfg = Release|Any CPU
		{F46C6C6B-FC51-4290-B236-AF17BAD9FCC4}.Release|Any CPU.Build.0 = Release|Any CPU
		{F46C6C6B-FC51-4290-B236-AF17BAD9FCC4}.Release|x86.ActiveCfg = Release|Any CPU
		{F46C6C6B-FC51-4290-B236-AF17BAD9FCC4}.Release|x86.Build.0 = Release|Any CPU
		{F46C6C6B-FC51-4290-B236-AF17BAD9FCC4}.TestDebug|Any CPU.ActiveCfg = Debug|Any CPU
		{F46C6C6B-FC51-4290-B236-AF17BAD9FCC4}.TestDebug|Any CPU.Build.0 = Debug|Any CPU
		{F46C6C6B-FC51-4290-B236-AF17BAD9FCC4}.TestDebug|x86.ActiveCfg = Debug|Any CPU
		{F46C6C6B-FC51-4290-B236-AF17BAD9FCC4}.TestDebug|x86.Build.0 = Debug|Any CPU
		{EB980D1A-AAE6-4ABB-BD54-43C37FC0DD13}.Debug|Any CPU.ActiveCfg = Debug|Any CPU
		{EB980D1A-AAE6-4ABB-BD54-43C37FC0DD13}.Debug|Any CPU.Build.0 = Debug|Any CPU
		{EB980D1A-AAE6-4ABB-BD54-43C37FC0DD13}.Debug|x86.ActiveCfg = Debug|Any CPU
		{EB980D1A-AAE6-4ABB-BD54-43C37FC0DD13}.Debug|x86.Build.0 = Debug|Any CPU
		{EB980D1A-AAE6-4ABB-BD54-43C37FC0DD13}.Release|Any CPU.ActiveCfg = Release|Any CPU
		{EB980D1A-AAE6-4ABB-BD54-43C37FC0DD13}.Release|Any CPU.Build.0 = Release|Any CPU
		{EB980D1A-AAE6-4ABB-BD54-43C37FC0DD13}.Release|x86.ActiveCfg = Release|Any CPU
		{EB980D1A-AAE6-4ABB-BD54-43C37FC0DD13}.Release|x86.Build.0 = Release|Any CPU
		{EB980D1A-AAE6-4ABB-BD54-43C37FC0DD13}.TestDebug|Any CPU.ActiveCfg = Debug|Any CPU
		{EB980D1A-AAE6-4ABB-BD54-43C37FC0DD13}.TestDebug|Any CPU.Build.0 = Debug|Any CPU
		{EB980D1A-AAE6-4ABB-BD54-43C37FC0DD13}.TestDebug|x86.ActiveCfg = Debug|Any CPU
		{EB980D1A-AAE6-4ABB-BD54-43C37FC0DD13}.TestDebug|x86.Build.0 = Debug|Any CPU
	EndGlobalSection
	GlobalSection(SolutionProperties) = preSolution
		HideSolutionNode = FALSE
	EndGlobalSection
	GlobalSection(NestedProjects) = preSolution
		{70F5E8DF-342B-4F52-A7BA-43C87D01AB00} = {BBF86C87-A899-4EA7-AC23-FCF4EB6C2EDA}
		{DEF122E9-B4AF-4067-A402-7458C04F8AE5} = {BBF86C87-A899-4EA7-AC23-FCF4EB6C2EDA}
		{025F6BF0-BF9B-413B-A977-2C93228D09CF} = {BBF86C87-A899-4EA7-AC23-FCF4EB6C2EDA}
		{89018B47-70F2-4ACD-8CE0-063E9DDF8544} = {BBF86C87-A899-4EA7-AC23-FCF4EB6C2EDA}
		{CD79859A-86A6-4C4F-8814-38CB48B6413E} = {93A63FCC-32D9-40EC-B6C3-A09F54A44641}
		{F46C6C6B-FC51-4290-B236-AF17BAD9FCC4} = {93A63FCC-32D9-40EC-B6C3-A09F54A44641}
		{EB980D1A-AAE6-4ABB-BD54-43C37FC0DD13} = {93A63FCC-32D9-40EC-B6C3-A09F54A44641}
	EndGlobalSection
EndGlobal
